// !$*UTF8*$!
{
	archiveVersion = 1;
	classes = {
	};
	objectVersion = 50;
	objects = {

/* Begin PBXBuildFile section */
		870035D224408535007E69C1 /* SentMemesCollectionViewController.swift in Sources */ = {isa = PBXBuildFile; fileRef = 870035D124408535007E69C1 /* SentMemesCollectionViewController.swift */; };
		870035D424408542007E69C1 /* SentMemesTableViewController.swift in Sources */ = {isa = PBXBuildFile; fileRef = 870035D324408542007E69C1 /* SentMemesTableViewController.swift */; };
		870035D624408D19007E69C1 /* MemeCollectionViewCell.swift in Sources */ = {isa = PBXBuildFile; fileRef = 870035D524408D19007E69C1 /* MemeCollectionViewCell.swift */; };
		8710418E2438F782006D898E /* Meme.swift in Sources */ = {isa = PBXBuildFile; fileRef = 8710418D2438F782006D898E /* Meme.swift */; };
		87A590A424421DFA00C28DB6 /* MemeDetailViewController.swift in Sources */ = {isa = PBXBuildFile; fileRef = 87A590A324421DFA00C28DB6 /* MemeDetailViewController.swift */; };
		87E97F66243531FC00FD5BDE /* AppDelegate.swift in Sources */ = {isa = PBXBuildFile; fileRef = 87E97F65243531FC00FD5BDE /* AppDelegate.swift */; };
		87E97F68243531FC00FD5BDE /* SceneDelegate.swift in Sources */ = {isa = PBXBuildFile; fileRef = 87E97F67243531FC00FD5BDE /* SceneDelegate.swift */; };
		87E97F6A243531FC00FD5BDE /* MemeEditorViewController.swift in Sources */ = {isa = PBXBuildFile; fileRef = 87E97F69243531FC00FD5BDE /* MemeEditorViewController.swift */; };
		87E97F6D243531FC00FD5BDE /* Main.storyboard in Resources */ = {isa = PBXBuildFile; fileRef = 87E97F6B243531FC00FD5BDE /* Main.storyboard */; };
		87E97F6F243531FF00FD5BDE /* Assets.xcassets in Resources */ = {isa = PBXBuildFile; fileRef = 87E97F6E243531FF00FD5BDE /* Assets.xcassets */; };
		87E97F72243531FF00FD5BDE /* LaunchScreen.storyboard in Resources */ = {isa = PBXBuildFile; fileRef = 87E97F70243531FF00FD5BDE /* LaunchScreen.storyboard */; };
		87E97F7A24353D5100FD5BDE /* MemeTextFieldDelegate.swift in Sources */ = {isa = PBXBuildFile; fileRef = 87E97F7924353D5100FD5BDE /* MemeTextFieldDelegate.swift */; };
/* End PBXBuildFile section */

/* Begin PBXFileReference section */
		870035D124408535007E69C1 /* SentMemesCollectionViewController.swift */ = {isa = PBXFileReference; lastKnownFileType = sourcecode.swift; path = SentMemesCollectionViewController.swift; sourceTree = "<group>"; };
		870035D324408542007E69C1 /* SentMemesTableViewController.swift */ = {isa = PBXFileReference; lastKnownFileType = sourcecode.swift; path = SentMemesTableViewController.swift; sourceTree = "<group>"; };
		870035D524408D19007E69C1 /* MemeCollectionViewCell.swift */ = {isa = PBXFileReference; lastKnownFileType = sourcecode.swift; path = MemeCollectionViewCell.swift; sourceTree = "<group>"; };
		8710418D2438F782006D898E /* Meme.swift */ = {isa = PBXFileReference; lastKnownFileType = sourcecode.swift; path = Meme.swift; sourceTree = "<group>"; };
		87A590A324421DFA00C28DB6 /* MemeDetailViewController.swift */ = {isa = PBXFileReference; lastKnownFileType = sourcecode.swift; path = MemeDetailViewController.swift; sourceTree = "<group>"; };
		87E97F62243531FC00FD5BDE /* MemeMe.app */ = {isa = PBXFileReference; explicitFileType = wrapper.application; includeInIndex = 0; path = MemeMe.app; sourceTree = BUILT_PRODUCTS_DIR; };
		87E97F65243531FC00FD5BDE /* AppDelegate.swift */ = {isa = PBXFileReference; lastKnownFileType = sourcecode.swift; path = AppDelegate.swift; sourceTree = "<group>"; };
		87E97F67243531FC00FD5BDE /* SceneDelegate.swift */ = {isa = PBXFileReference; lastKnownFileType = sourcecode.swift; path = SceneDelegate.swift; sourceTree = "<group>"; };
		87E97F69243531FC00FD5BDE /* MemeEditorViewController.swift */ = {isa = PBXFileReference; lastKnownFileType = sourcecode.swift; path = MemeEditorViewController.swift; sourceTree = "<group>"; };
		87E97F6C243531FC00FD5BDE /* Base */ = {isa = PBXFileReference; lastKnownFileType = file.storyboard; name = Base; path = Base.lproj/Main.storyboard; sourceTree = "<group>"; };
		87E97F6E243531FF00FD5BDE /* Assets.xcassets */ = {isa = PBXFileReference; lastKnownFileType = folder.assetcatalog; path = Assets.xcassets; sourceTree = "<group>"; };
		87E97F71243531FF00FD5BDE /* Base */ = {isa = PBXFileReference; lastKnownFileType = file.storyboard; name = Base; path = Base.lproj/LaunchScreen.storyboard; sourceTree = "<group>"; };
		87E97F73243531FF00FD5BDE /* Info.plist */ = {isa = PBXFileReference; lastKnownFileType = text.plist.xml; name = Info.plist; path = ../Info.plist; sourceTree = "<group>"; };
		87E97F7924353D5100FD5BDE /* MemeTextFieldDelegate.swift */ = {isa = PBXFileReference; lastKnownFileType = sourcecode.swift; path = MemeTextFieldDelegate.swift; sourceTree = "<group>"; };
/* End PBXFileReference section */

/* Begin PBXFrameworksBuildPhase section */
		87E97F5F243531FC00FD5BDE /* Frameworks */ = {
			isa = PBXFrameworksBuildPhase;
			buildActionMask = 2147483647;
			files = (
			);
			runOnlyForDeploymentPostprocessing = 0;
		};
/* End PBXFrameworksBuildPhase section */

/* Begin PBXGroup section */
		8771C41B2476F2BC0057B6A3 /* Controller */ = {
			isa = PBXGroup;
			children = (
				87E97F69243531FC00FD5BDE /* MemeEditorViewController.swift */,
				87E97F7924353D5100FD5BDE /* MemeTextFieldDelegate.swift */,
				870035D124408535007E69C1 /* SentMemesCollectionViewController.swift */,
				870035D324408542007E69C1 /* SentMemesTableViewController.swift */,
				87A590A324421DFA00C28DB6 /* MemeDetailViewController.swift */,
			);
			path = Controller;
			sourceTree = "<group>";
		};
		8771C41C2476F2CC0057B6A3 /* View */ = {
			isa = PBXGroup;
			children = (
				87E97F6B243531FC00FD5BDE /* Main.storyboard */,
				87E97F70243531FF00FD5BDE /* LaunchScreen.storyboard */,
				87E97F73243531FF00FD5BDE /* Info.plist */,
				870035D524408D19007E69C1 /* MemeCollectionViewCell.swift */,
			);
			path = View;
			sourceTree = "<group>";
		};
		8771C41D2476F2D40057B6A3 /* Model */ = {
			isa = PBXGroup;
			children = (
				8710418D2438F782006D898E /* Meme.swift */,
			);
			path = Model;
			sourceTree = "<group>";
		};
		87E97F59243531FC00FD5BDE = {
			isa = PBXGroup;
			children = (
				87E97F64243531FC00FD5BDE /* MemeMe */,
				87E97F63243531FC00FD5BDE /* Products */,
			);
			sourceTree = "<group>";
		};
		87E97F63243531FC00FD5BDE /* Products */ = {
			isa = PBXGroup;
			children = (
				87E97F62243531FC00FD5BDE /* MemeMe.app */,
			);
			name = Products;
			sourceTree = "<group>";
		};
		87E97F64243531FC00FD5BDE /* MemeMe */ = {
			isa = PBXGroup;
			children = (
				87E97F65243531FC00FD5BDE /* AppDelegate.swift */,
				87E97F67243531FC00FD5BDE /* SceneDelegate.swift */,
				8771C41B2476F2BC0057B6A3 /* Controller */,
				8771C41D2476F2D40057B6A3 /* Model */,
				8771C41C2476F2CC0057B6A3 /* View */,
				87E97F6E243531FF00FD5BDE /* Assets.xcassets */,
			);
			path = MemeMe;
			sourceTree = "<group>";
		};
/* End PBXGroup section */

/* Begin PBXNativeTarget section */
		87E97F61243531FC00FD5BDE /* MemeMe */ = {
			isa = PBXNativeTarget;
			buildConfigurationList = 87E97F76243531FF00FD5BDE /* Build configuration list for PBXNativeTarget "MemeMe" */;
			buildPhases = (
				87E97F5E243531FC00FD5BDE /* Sources */,
				87E97F5F243531FC00FD5BDE /* Frameworks */,
				87E97F60243531FC00FD5BDE /* Resources */,
			);
			buildRules = (
			);
			dependencies = (
			);
			name = MemeMe;
			productName = MemeV1;
			productReference = 87E97F62243531FC00FD5BDE /* MemeMe.app */;
			productType = "com.apple.product-type.application";
		};
/* End PBXNativeTarget section */

/* Begin PBXProject section */
		87E97F5A243531FC00FD5BDE /* Project object */ = {
			isa = PBXProject;
			attributes = {
				LastSwiftUpdateCheck = 1140;
				LastUpgradeCheck = 1140;
				ORGANIZATIONNAME = "Lorand Fazakas";
				TargetAttributes = {
					87E97F61243531FC00FD5BDE = {
						CreatedOnToolsVersion = 11.4;
					};
				};
			};
			buildConfigurationList = 87E97F5D243531FC00FD5BDE /* Build configuration list for PBXProject "MemeMe" */;
			compatibilityVersion = "Xcode 9.3";
			developmentRegion = en;
			hasScannedForEncodings = 0;
			knownRegions = (
				en,
				Base,
			);
			mainGroup = 87E97F59243531FC00FD5BDE;
			productRefGroup = 87E97F63243531FC00FD5BDE /* Products */;
			projectDirPath = "";
			projectRoot = "";
			targets = (
				87E97F61243531FC00FD5BDE /* MemeMe */,
			);
		};
/* End PBXProject section */

/* Begin PBXResourcesBuildPhase section */
		87E97F60243531FC00FD5BDE /* Resources */ = {
			isa = PBXResourcesBuildPhase;
			buildActionMask = 2147483647;
			files = (
				87E97F72243531FF00FD5BDE /* LaunchScreen.storyboard in Resources */,
				87E97F6F243531FF00FD5BDE /* Assets.xcassets in Resources */,
				87E97F6D243531FC00FD5BDE /* Main.storyboard in Resources */,
			);
			runOnlyForDeploymentPostprocessing = 0;
		};
/* End PBXResourcesBuildPhase section */

/* Begin PBXSourcesBuildPhase section */
		87E97F5E243531FC00FD5BDE /* Sources */ = {
			isa = PBXSourcesBuildPhase;
			buildActionMask = 2147483647;
			files = (
				87A590A424421DFA00C28DB6 /* MemeDetailViewController.swift in Sources */,
				87E97F6A243531FC00FD5BDE /* MemeEditorViewController.swift in Sources */,
				870035D424408542007E69C1 /* SentMemesTableViewController.swift in Sources */,
				870035D624408D19007E69C1 /* MemeCollectionViewCell.swift in Sources */,
				87E97F66243531FC00FD5BDE /* AppDelegate.swift in Sources */,
				870035D224408535007E69C1 /* SentMemesCollectionViewController.swift in Sources */,
				87E97F7A24353D5100FD5BDE /* MemeTextFieldDelegate.swift in Sources */,
				87E97F68243531FC00FD5BDE /* SceneDelegate.swift in Sources */,
				8710418E2438F782006D898E /* Meme.swift in Sources */,
			);
			runOnlyForDeploymentPostprocessing = 0;
		};
/* End PBXSourcesBuildPhase section */

/* Begin PBXVariantGroup section */
		87E97F6B243531FC00FD5BDE /* Main.storyboard */ = {
			isa = PBXVariantGroup;
			children = (
				87E97F6C243531FC00FD5BDE /* Base */,
			);
			name = Main.storyboard;
			sourceTree = "<group>";
		};
		87E97F70243531FF00FD5BDE /* LaunchScreen.storyboard */ = {
			isa = PBXVariantGroup;
			children = (
				87E97F71243531FF00FD5BDE /* Base */,
			);
			name = LaunchScreen.storyboard;
			sourceTree = "<group>";
		};
/* End PBXVariantGroup section */

/* Begin XCBuildConfiguration section */
		87E97F74243531FF00FD5BDE /* Debug */ = {
			isa = XCBuildConfiguration;
			buildSettings = {
				ALWAYS_SEARCH_USER_PATHS = NO;
				CLANG_ANALYZER_NONNULL = YES;
				CLANG_ANALYZER_NUMBER_OBJECT_CONVERSION = YES_AGGRESSIVE;
				CLANG_CXX_LANGUAGE_STANDARD = "gnu++14";
				CLANG_CXX_LIBRARY = "libc++";
				CLANG_ENABLE_MODULES = YES;
				CLANG_ENABLE_OBJC_ARC = YES;
				CLANG_ENABLE_OBJC_WEAK = YES;
				CLANG_WARN_BLOCK_CAPTURE_AUTORELEASING = YES;
				CLANG_WARN_BOOL_CONVERSION = YES;
				CLANG_WARN_COMMA = YES;
				CLANG_WARN_CONSTANT_CONVERSION = YES;
				CLANG_WARN_DEPRECATED_OBJC_IMPLEMENTATIONS = YES;
				CLANG_WARN_DIRECT_OBJC_ISA_USAGE = YES_ERROR;
				CLANG_WARN_DOCUMENTATION_COMMENTS = YES;
				CLANG_WARN_EMPTY_BODY = YES;
				CLANG_WARN_ENUM_CONVERSION = YES;
				CLANG_WARN_INFINITE_RECURSION = YES;
				CLANG_WARN_INT_CONVERSION = YES;
				CLANG_WARN_NON_LITERAL_NULL_CONVERSION = YES;
				CLANG_WARN_OBJC_IMPLICIT_RETAIN_SELF = YES;
				CLANG_WARN_OBJC_LITERAL_CONVERSION = YES;
				CLANG_WARN_OBJC_ROOT_CLASS = YES_ERROR;
				CLANG_WARN_RANGE_LOOP_ANALYSIS = YES;
				CLANG_WARN_STRICT_PROTOTYPES = YES;
				CLANG_WARN_SUSPICIOUS_MOVE = YES;
				CLANG_WARN_UNGUARDED_AVAILABILITY = YES_AGGRESSIVE;
				CLANG_WARN_UNREACHABLE_CODE = YES;
				CLANG_WARN__DUPLICATE_METHOD_MATCH = YES;
				COPY_PHASE_STRIP = NO;
				DEBUG_INFORMATION_FORMAT = dwarf;
				ENABLE_STRICT_OBJC_MSGSEND = YES;
				ENABLE_TESTABILITY = YES;
				GCC_C_LANGUAGE_STANDARD = gnu11;
				GCC_DYNAMIC_NO_PIC = NO;
				GCC_NO_COMMON_BLOCKS = YES;
				GCC_OPTIMIZATION_LEVEL = 0;
				GCC_PREPROCESSOR_DEFINITIONS = (
					"DEBUG=1",
					"$(inherited)",
				);
				GCC_WARN_64_TO_32_BIT_CONVERSION = YES;
				GCC_WARN_ABOUT_RETURN_TYPE = YES_ERROR;
				GCC_WARN_UNDECLARED_SELECTOR = YES;
				GCC_WARN_UNINITIALIZED_AUTOS = YES_AGGRESSIVE;
				GCC_WARN_UNUSED_FUNCTION = YES;
				GCC_WARN_UNUSED_VARIABLE = YES;
				IPHONEOS_DEPLOYMENT_TARGET = 13.4;
				MTL_ENABLE_DEBUG_INFO = INCLUDE_SOURCE;
				MTL_FAST_MATH = YES;
				ONLY_ACTIVE_ARCH = YES;
				SDKROOT = iphoneos;
				SWIFT_ACTIVE_COMPILATION_CONDITIONS = DEBUG;
				SWIFT_OPTIMIZATION_LEVEL = "-Onone";
			};
			name = Debug;
		};
		87E97F75243531FF00FD5BDE /* Release */ = {
			isa = XCBuildConfiguration;
			buildSettings = {
				ALWAYS_SEARCH_USER_PATHS = NO;
				CLANG_ANALYZER_NONNULL = YES;
				CLANG_ANALYZER_NUMBER_OBJECT_CONVERSION = YES_AGGRESSIVE;
				CLANG_CXX_LANGUAGE_STANDARD = "gnu++14";
				CLANG_CXX_LIBRARY = "libc++";
				CLANG_ENABLE_MODULES = YES;
				CLANG_ENABLE_OBJC_ARC = YES;
				CLANG_ENABLE_OBJC_WEAK = YES;
				CLANG_WARN_BLOCK_CAPTURE_AUTORELEASING = YES;
				CLANG_WARN_BOOL_CONVERSION = YES;
				CLANG_WARN_COMMA = YES;
				CLANG_WARN_CONSTANT_CONVERSION = YES;
				CLANG_WARN_DEPRECATED_OBJC_IMPLEMENTATIONS = YES;
				CLANG_WARN_DIRECT_OBJC_ISA_USAGE = YES_ERROR;
				CLANG_WARN_DOCUMENTATION_COMMENTS = YES;
				CLANG_WARN_EMPTY_BODY = YES;
				CLANG_WARN_ENUM_CONVERSION = YES;
				CLANG_WARN_INFINITE_RECURSION = YES;
				CLANG_WARN_INT_CONVERSION = YES;
				CLANG_WARN_NON_LITERAL_NULL_CONVERSION = YES;
				CLANG_WARN_OBJC_IMPLICIT_RETAIN_SELF = YES;
				CLANG_WARN_OBJC_LITERAL_CONVERSION = YES;
				CLANG_WARN_OBJC_ROOT_CLASS = YES_ERROR;
				CLANG_WARN_RANGE_LOOP_ANALYSIS = YES;
				CLANG_WARN_STRICT_PROTOTYPES = YES;
				CLANG_WARN_SUSPICIOUS_MOVE = YES;
				CLANG_WARN_UNGUARDED_AVAILABILITY = YES_AGGRESSIVE;
				CLANG_WARN_UNREACHABLE_CODE = YES;
				CLANG_WARN__DUPLICATE_METHOD_MATCH = YES;
				COPY_PHASE_STRIP = NO;
				DEBUG_INFORMATION_FORMAT = "dwarf-with-dsym";
				ENABLE_NS_ASSERTIONS = NO;
				ENABLE_STRICT_OBJC_MSGSEND = YES;
				GCC_C_LANGUAGE_STANDARD = gnu11;
				GCC_NO_COMMON_BLOCKS = YES;
				GCC_WARN_64_TO_32_BIT_CONVERSION = YES;
				GCC_WARN_ABOUT_RETURN_TYPE = YES_ERROR;
				GCC_WARN_UNDECLARED_SELECTOR = YES;
				GCC_WARN_UNINITIALIZED_AUTOS = YES_AGGRESSIVE;
				GCC_WARN_UNUSED_FUNCTION = YES;
				GCC_WARN_UNUSED_VARIABLE = YES;
				IPHONEOS_DEPLOYMENT_TARGET = 13.4;
				MTL_ENABLE_DEBUG_INFO = NO;
				MTL_FAST_MATH = YES;
				SDKROOT = iphoneos;
				SWIFT_COMPILATION_MODE = wholemodule;
				SWIFT_OPTIMIZATION_LEVEL = "-O";
				VALIDATE_PRODUCT = YES;
			};
			name = Release;
		};
		87E97F77243531FF00FD5BDE /* Debug */ = {
			isa = XCBuildConfiguration;
			buildSettings = {
				ASSETCATALOG_COMPILER_APPICON_NAME = AppIcon;
				CODE_SIGN_STYLE = Automatic;
				INFOPLIST_FILE = MemeMe/Info.plist;
				LD_RUNPATH_SEARCH_PATHS = (
					"$(inherited)",
					"@executable_path/Frameworks",
				);
				PRODUCT_BUNDLE_IDENTIFIER = com.lorandfazakas.MemeMe;
				PRODUCT_NAME = "$(TARGET_NAME)";
				SWIFT_VERSION = 5.0;
				TARGETED_DEVICE_FAMILY = "1,2";
			};
			name = Debug;
		};
		87E97F78243531FF00FD5BDE /* Release */ = {
			isa = XCBuildConfiguration;
			buildSettings = {
				ASSETCATALOG_COMPILER_APPICON_NAME = AppIcon;
				CODE_SIGN_STYLE = Automatic;
				INFOPLIST_FILE = MemeMe/Info.plist;
				LD_RUNPATH_SEARCH_PATHS = (
					"$(inherited)",
					"@executable_path/Frameworks",
				);
				PRODUCT_BUNDLE_IDENTIFIER = com.lorandfazakas.MemeMe;
				PRODUCT_NAME = "$(TARGET_NAME)";
				SWIFT_VERSION = 5.0;
				TARGETED_DEVICE_FAMILY = "1,2";
			};
			name = Release;
		};
/* End XCBuildConfiguration section */

/* Begin XCConfigurationList section */
		87E97F5D243531FC00FD5BDE /* Build configuration list for PBXProject "MemeMe" */ = {
			isa = XCConfigurationList;
			buildConfigurations = (
				87E97F74243531FF00FD5BDE /* Debug */,
				87E97F75243531FF00FD5BDE /* Release */,
			);
			defaultConfigurationIsVisible = 0;
			defaultConfigurationName = Release;
		};
		87E97F76243531FF00FD5BDE /* Build configuration list for PBXNativeTarget "MemeMe" */ = {
			isa = XCConfigurationList;
			buildConfigurations = (
				87E97F77243531FF00FD5BDE /* Debug */,
				87E97F78243531FF00FD5BDE /* Release */,
			);
			defaultConfigurationIsVisible = 0;
			defaultConfigurationName = Release;
		};
/* End XCConfigurationList section */
	};
	rootObject = 87E97F5A243531FC00FD5BDE /* Project object */;
}
